
Microsoft Visual Studio Solution File, Format Version 12.00
# Visual Studio 15
VisualStudioVersion = 15.0.26730.3
MinimumVisualStudioVersion = 10.0.40219.1
Project("{FAE04EC0-301F-11D3-BF4B-00C04F79EFBC}") = "LanguageFeatures", "LanguageFeatures\LanguageFeatures.csproj", "{46FADDF8-EADD-43A7-88D5-77E7F4B9118F}"
EndProject
Global
	GlobalSection(SolutionConfigurationPlatforms) = preSolution
		Debug|Any CPU = Debug|Any CPU
		Release|Any CPU = Release|Any CPU
	EndGlobalSection
	GlobalSection(ProjectConfigurationPlatforms) = postSolution
		{46FADDF8-EADD-43A7-88D5-77E7F4B9118F}.Debug|Any CPU.ActiveCfg = Debug|Any CPU
		{46FADDF8-EADD-43A7-88D5-77E7F4B9118F}.Debug|Any CPU.Build.0 = Debug|Any CPU
		{46FADDF8-EADD-43A7-88D5-77E7F4B9118F}.Release|Any CPU.ActiveCfg = Release|Any CPU
		{46FADDF8-EADD-43A7-88D5-77E7F4B9118F}.Release|Any CPU.Build.0 = Release|Any CPU
	EndGlobalSection
	GlobalSection(SolutionProperties) = preSolution
		HideSolutionNode = FALSE
	EndGlobalSection
	GlobalSection(ExtensibilityGlobals) = postSolution
		SolutionGuid = {B95E210A-F2D7-42E9-87C4-9B93BFA3E546}
	EndGlobalSection
EndGlobal
